
Microsoft Visual Studio Solution File, Format Version 11.00
# Visual C++ Express 2010
Project("{8BC9CEB8-8B4A-11D0-8D11-00A0C91BC942}") = "test_harness_concurrent", "test_harness_concurrent\test_harness_concurrent.vcxproj", "{D2BCD6EF-6AE2-4639-B584-C6ECC5C8C156}"
EndProject
Global
	GlobalSection(SolutionConfigurationPlatforms) = preSolution
		Debug|Win32 = Debug|Win32
		Release|Win32 = Release|Win32
	EndGlobalSection
	GlobalSection(ProjectConfigurationPlatforms) = postSolution
		{D2BCD6EF-6AE2-4639-B584-C6ECC5C8C156}.Debug|Win32.ActiveCfg = Debug|Win32
		{D2BCD6EF-6AE2-4639-B584-C6ECC5C8C156}.Debug|Win32.Build.0 = Debug|Win32
		{D2BCD6EF-6AE2-4639-B584-C6ECC5C8C156}.Release|Win32.ActiveCfg = Release|Win32
		{D2BCD6EF-6AE2-4639-B584-C6ECC5C8C156}.Release|Win32.Build.0 = Release|Win32
	EndGlobalSection
	GlobalSection(SolutionProperties) = preSolution
		HideSolutionNode = FALSE
	EndGlobalSection
EndGlobal
