
Microsoft Visual Studio Solution File, Format Version 11.00
# Visual C++ Express 2010
Project("{8BC9CEB8-8B4A-11D0-8D11-00A0C91BC942}") = "harness_threadsafe", "harness_threadsafe.vcxproj", "{77B05A25-6920-6DAC-232C-286E830F52DD}"
EndProject
Global
	GlobalSection(SolutionConfigurationPlatforms) = preSolution
		Debug|Win32 = Debug|Win32
		Release|Win32 = Release|Win32
	EndGlobalSection
	GlobalSection(ProjectConfigurationPlatforms) = postSolution
		{77B05A25-6920-6DAC-232C-286E830F52DD}.Debug|Win32.ActiveCfg = Debug|Win32
		{77B05A25-6920-6DAC-232C-286E830F52DD}.Debug|Win32.Build.0 = Debug|Win32
		{77B05A25-6920-6DAC-232C-286E830F52DD}.Release|Win32.ActiveCfg = Release|Win32
		{77B05A25-6920-6DAC-232C-286E830F52DD}.Release|Win32.Build.0 = Release|Win32
	EndGlobalSection
	GlobalSection(SolutionProperties) = preSolution
		HideSolutionNode = FALSE
	EndGlobalSection
EndGlobal
