
Microsoft Visual Studio Solution File, Format Version 11.00
# Visual C++ Express 2010
Project("{8BC9CEB8-8B4A-11D0-8D11-00A0C91BC942}") = "test_harness_finger", "test_harness_finger\test_harness_finger.vcxproj", "{29563AE4-951A-43E2-89AC-ED5540AAED75}"
EndProject
Global
	GlobalSection(SolutionConfigurationPlatforms) = preSolution
		Debug|Win32 = Debug|Win32
		Debug|x64 = Debug|x64
		Release|Win32 = Release|Win32
		Release|x64 = Release|x64
	EndGlobalSection
	GlobalSection(ProjectConfigurationPlatforms) = postSolution
		{29563AE4-951A-43E2-89AC-ED5540AAED75}.Debug|Win32.ActiveCfg = Debug|Win32
		{29563AE4-951A-43E2-89AC-ED5540AAED75}.Debug|Win32.Build.0 = Debug|Win32
		{29563AE4-951A-43E2-89AC-ED5540AAED75}.Debug|x64.ActiveCfg = Debug|x64
		{29563AE4-951A-43E2-89AC-ED5540AAED75}.Debug|x64.Build.0 = Debug|x64
		{29563AE4-951A-43E2-89AC-ED5540AAED75}.Release|Win32.ActiveCfg = Release|Win32
		{29563AE4-951A-43E2-89AC-ED5540AAED75}.Release|Win32.Build.0 = Release|Win32
		{29563AE4-951A-43E2-89AC-ED5540AAED75}.Release|x64.ActiveCfg = Release|x64
		{29563AE4-951A-43E2-89AC-ED5540AAED75}.Release|x64.Build.0 = Release|x64
	EndGlobalSection
	GlobalSection(SolutionProperties) = preSolution
		HideSolutionNode = FALSE
	EndGlobalSection
EndGlobal
